<?xml version="1.0" encoding="UTF-8"?>
<Scheme
   LastUpgradeVersion = "1010"
   version = "1.3">
   <BuildAction
      parallelizeBuildables = "YES"
      buildImplicitDependencies = "YES">
      <BuildActionEntries>
         <BuildActionEntry
            buildForTesting = "YES"
            buildForRunning = "YES"
            buildForProfiling = "YES"
            buildForArchiving = "YES"
            buildForAnalyzing = "YES">
            <BuildableReference
               BuildableIdentifier = "primary"
               BlueprintIdentifier = "787785524E0E998535524C4F"
               BuildableName = "FBLPromises.framework"
               BlueprintName = "FBLPromises"
               ReferencedContainer = "container:Tuist/Dependencies/SwiftPackageManager/.build/checkouts/promises/Promises.xcodeproj">
            </BuildableReference>
         </BuildActionEntry>
         <BuildActionEntry
            buildForTesting = "YES"
            buildForRunning = "YES"
            buildForProfiling = "YES"
            buildForArchiving = "YES"
            buildForAnalyzing = "YES">
            <BuildableReference
               BuildableIdentifier = "primary"
               BlueprintIdentifier = "769B28412864CE639D5C8BFF"
               BuildableName = "Firebase.framework"
               BlueprintName = "Firebase"
               ReferencedContainer = "container:Tuist/Dependencies/SwiftPackageManager/.build/checkouts/firebase-ios-sdk/Firebase.xcodeproj">
            </BuildableReference>
         </BuildActionEntry>
         <BuildActionEntry
            buildForTesting = "YES"
            buildForRunning = "YES"
            buildForProfiling = "YES"
            buildForArchiving = "YES"
            buildForAnalyzing = "YES">
            <BuildableReference
               BuildableIdentifier = "primary"
               BlueprintIdentifier = "4FC43FDDEF3C86017FCEDF2C"
               BuildableName = "FirebaseABTesting.framework"
               BlueprintName = "FirebaseABTesting"
               ReferencedContainer = "container:Tuist/Dependencies/SwiftPackageManager/.build/checkouts/firebase-ios-sdk/Firebase.xcodeproj">
            </BuildableReference>
         </BuildActionEntry>
         <BuildActionEntry
            buildForTesting = "YES"
            buildForRunning = "YES"
            buildForProfiling = "YES"
            buildForArchiving = "YES"
            buildForAnalyzing = "YES">
            <BuildableReference
               BuildableIdentifier = "primary"
               BlueprintIdentifier = "DEE927B31AD452C0CB9D7682"
               BuildableName = "FirebaseAnalyticsTarget.framework"
               BlueprintName = "FirebaseAnalyticsTarget"
               ReferencedContainer = "container:Tuist/Dependencies/SwiftPackageManager/.build/checkouts/firebase-ios-sdk/Firebase.xcodeproj">
            </BuildableReference>
         </BuildActionEntry>
         <BuildActionEntry
            buildForTesting = "YES"
            buildForRunning = "YES"
            buildForProfiling = "YES"
            buildForArchiving = "YES"
            buildForAnalyzing = "YES">
            <BuildableReference
               BuildableIdentifier = "primary"
               BlueprintIdentifier = "95FACE305A2B4D7CF92BDDD9"
               BuildableName = "FirebaseAnalyticsWrapper.framework"
               BlueprintName = "FirebaseAnalyticsWrapper"
               ReferencedContainer = "container:Tuist/Dependencies/SwiftPackageManager/.build/checkouts/firebase-ios-sdk/Firebase.xcodeproj">
            </BuildableReference>
         </BuildActionEntry>
         <BuildActionEntry
            buildForTesting = "YES"
            buildForRunning = "YES"
            buildForProfiling = "YES"
            buildForArchiving = "YES"
            buildForAnalyzing = "YES">
            <BuildableReference
               BuildableIdentifier = "primary"
               BlueprintIdentifier = "76913A6628DE3CA06F1E69AD"
               BuildableName = "FirebaseCore.framework"
               BlueprintName = "FirebaseCore"
               ReferencedContainer = "container:Tuist/Dependencies/SwiftPackageManager/.build/checkouts/firebase-ios-sdk/Firebase.xcodeproj">
            </BuildableReference>
         </BuildActionEntry>
         <BuildActionEntry
            buildForTesting = "YES"
            buildForRunning = "YES"
            buildForProfiling = "YES"
            buildForArchiving = "YES"
            buildForAnalyzing = "YES">
            <BuildableReference
               BuildableIdentifier = "primary"
               BlueprintIdentifier = "3632255486C34E31EEEE7688"
               BuildableName = "FirebaseCoreExtension.framework"
               BlueprintName = "FirebaseCoreExtension"
               ReferencedContainer = "container:Tuist/Dependencies/SwiftPackageManager/.build/checkouts/firebase-ios-sdk/Firebase.xcodeproj">
            </BuildableReference>
         </BuildActionEntry>
         <BuildActionEntry
            buildForTesting = "YES"
            buildForRunning = "YES"
            buildForProfiling = "YES"
            buildForArchiving = "YES"
            buildForAnalyzing = "YES">
            <BuildableReference
               BuildableIdentifier = "primary"
               BlueprintIdentifier = "BF2506109F9DAB9BDE836612"
               BuildableName = "FirebaseCoreInternal.framework"
               BlueprintName = "FirebaseCoreInternal"
               ReferencedContainer = "container:Tuist/Dependencies/SwiftPackageManager/.build/checkouts/firebase-ios-sdk/Firebase.xcodeproj">
            </BuildableReference>
         </BuildActionEntry>
         <BuildActionEntry
            buildForTesting = "YES"
            buildForRunning = "YES"
            buildForProfiling = "YES"
            buildForArchiving = "YES"
            buildForAnalyzing = "YES">
            <BuildableReference
               BuildableIdentifier = "primary"
               BlueprintIdentifier = "7BAF952BFAF2C029D02AA069"
               BuildableName = "FirebaseCrashlytics.framework"
               BlueprintName = "FirebaseCrashlytics"
               ReferencedContainer = "container:Tuist/Dependencies/SwiftPackageManager/.build/checkouts/firebase-ios-sdk/Firebase.xcodeproj">
            </BuildableReference>
         </BuildActionEntry>
         <BuildActionEntry
            buildForTesting = "YES"
            buildForRunning = "YES"
            buildForProfiling = "YES"
            buildForArchiving = "YES"
            buildForAnalyzing = "YES">
            <BuildableReference
               BuildableIdentifier = "primary"
               BlueprintIdentifier = "6FD7A82BF6A96086DF50776D"
               BuildableName = "FirebaseInstallations.framework"
               BlueprintName = "FirebaseInstallations"
               ReferencedContainer = "container:Tuist/Dependencies/SwiftPackageManager/.build/checkouts/firebase-ios-sdk/Firebase.xcodeproj">
            </BuildableReference>
         </BuildActionEntry>
         <BuildActionEntry
            buildForTesting = "YES"
            buildForRunning = "YES"
            buildForProfiling = "YES"
            buildForArchiving = "YES"
            buildForAnalyzing = "YES">
            <BuildableReference
               BuildableIdentifier = "primary"
               BlueprintIdentifier = "03FD59D1631F1991354D2ABB"
               BuildableName = "FirebasePerformance.framework"
               BlueprintName = "FirebasePerformance"
               ReferencedContainer = "container:Tuist/Dependencies/SwiftPackageManager/.build/checkouts/firebase-ios-sdk/Firebase.xcodeproj">
            </BuildableReference>
         </BuildActionEntry>
         <BuildActionEntry
            buildForTesting = "YES"
            buildForRunning = "YES"
            buildForProfiling = "YES"
            buildForArchiving = "YES"
            buildForAnalyzing = "YES">
            <BuildableReference
               BuildableIdentifier = "primary"
               BlueprintIdentifier = "547D54B549A1537613AF3E0A"
               BuildableName = "FirebasePerformanceTarget.framework"
               BlueprintName = "FirebasePerformanceTarget"
               ReferencedContainer = "container:Tuist/Dependencies/SwiftPackageManager/.build/checkouts/firebase-ios-sdk/Firebase.xcodeproj">
            </BuildableReference>
         </BuildActionEntry>
         <BuildActionEntry
            buildForTesting = "YES"
            buildForRunning = "YES"
            buildForProfiling = "YES"
            buildForArchiving = "YES"
            buildForAnalyzing = "YES">
            <BuildableReference
               BuildableIdentifier = "primary"
               BlueprintIdentifier = "57E533AFCBDD1292FEE34A87"
               BuildableName = "FirebaseRemoteConfig.framework"
               BlueprintName = "FirebaseRemoteConfig"
               ReferencedContainer = "container:Tuist/Dependencies/SwiftPackageManager/.build/checkouts/firebase-ios-sdk/Firebase.xcodeproj">
            </BuildableReference>
         </BuildActionEntry>
         <BuildActionEntry
            buildForTesting = "YES"
            buildForRunning = "YES"
            buildForProfiling = "YES"
            buildForArchiving = "YES"
            buildForAnalyzing = "YES">
            <BuildableReference
               BuildableIdentifier = "primary"
               BlueprintIdentifier = "EC69F65F6DFC0B376F1A4FD2"
               BuildableName = "FirebaseSessions.framework"
               BlueprintName = "FirebaseSessions"
               ReferencedContainer = "container:Tuist/Dependencies/SwiftPackageManager/.build/checkouts/firebase-ios-sdk/Firebase.xcodeproj">
            </BuildableReference>
         </BuildActionEntry>
         <BuildActionEntry
            buildForTesting = "YES"
            buildForRunning = "YES"
            buildForProfiling = "YES"
            buildForArchiving = "YES"
            buildForAnalyzing = "YES">
            <BuildableReference
               BuildableIdentifier = "primary"
               BlueprintIdentifier = "57122364D133B5A394A9349C"
               BuildableName = "FirebaseSessionsObjC.framework"
               BlueprintName = "FirebaseSessionsObjC"
               ReferencedContainer = "container:Tuist/Dependencies/SwiftPackageManager/.build/checkouts/firebase-ios-sdk/Firebase.xcodeproj">
            </BuildableReference>
         </BuildActionEntry>
         <BuildActionEntry
            buildForTesting = "YES"
            buildForRunning = "YES"
            buildForProfiling = "YES"
            buildForArchiving = "YES"
            buildForAnalyzing = "YES">
            <BuildableReference
               BuildableIdentifier = "primary"
               BlueprintIdentifier = "4160F70E94342FB432F5ABF1"
               BuildableName = "GoogleAppMeasurementTarget.framework"
               BlueprintName = "GoogleAppMeasurementTarget"
               ReferencedContainer = "container:Tuist/Dependencies/SwiftPackageManager/.build/checkouts/GoogleAppMeasurement/GoogleAppMeasurement.xcodeproj">
            </BuildableReference>
         </BuildActionEntry>
         <BuildActionEntry
            buildForTesting = "YES"
            buildForRunning = "YES"
            buildForProfiling = "YES"
            buildForArchiving = "YES"
            buildForAnalyzing = "YES">
            <BuildableReference
               BuildableIdentifier = "primary"
               BlueprintIdentifier = "08D12528663D0C8DD1A99BCB"
               BuildableName = "GoogleDataTransport.framework"
               BlueprintName = "GoogleDataTransport"
               ReferencedContainer = "container:Tuist/Dependencies/SwiftPackageManager/.build/checkouts/GoogleDataTransport/GoogleDataTransport.xcodeproj">
            </BuildableReference>
         </BuildActionEntry>
         <BuildActionEntry
            buildForTesting = "YES"
            buildForRunning = "YES"
            buildForProfiling = "YES"
            buildForArchiving = "YES"
            buildForAnalyzing = "YES">
            <BuildableReference
               BuildableIdentifier = "primary"
               BlueprintIdentifier = "3ED94F9FE92CD30586A12982"
               BuildableName = "GoogleUtilities_AppDelegateSwizzler.framework"
               BlueprintName = "GoogleUtilities-AppDelegateSwizzler"
               ReferencedContainer = "container:Tuist/Dependencies/SwiftPackageManager/.build/checkouts/GoogleUtilities/GoogleUtilities.xcodeproj">
            </BuildableReference>
         </BuildActionEntry>
         <BuildActionEntry
            buildForTesting = "YES"
            buildForRunning = "YES"
            buildForProfiling = "YES"
            buildForArchiving = "YES"
            buildForAnalyzing = "YES">
            <BuildableReference
               BuildableIdentifier = "primary"
               BlueprintIdentifier = "F20F5A508D0D18A6998274ED"
               BuildableName = "GoogleUtilities_Environment.framework"
               BlueprintName = "GoogleUtilities-Environment"
               ReferencedContainer = "container:Tuist/Dependencies/SwiftPackageManager/.build/checkouts/GoogleUtilities/GoogleUtilities.xcodeproj">
            </BuildableReference>
         </BuildActionEntry>
         <BuildActionEntry
            buildForTesting = "YES"
            buildForRunning = "YES"
            buildForProfiling = "YES"
            buildForArchiving = "YES"
            buildForAnalyzing = "YES">
            <BuildableReference
               BuildableIdentifier = "primary"
               BlueprintIdentifier = "0592A2707004082C49B4B4A7"
               BuildableName = "GoogleUtilities_ISASwizzler.framework"
               BlueprintName = "GoogleUtilities-ISASwizzler"
               ReferencedContainer = "container:Tuist/Dependencies/SwiftPackageManager/.build/checkouts/GoogleUtilities/GoogleUtilities.xcodeproj">
            </BuildableReference>
         </BuildActionEntry>
         <BuildActionEntry
            buildForTesting = "YES"
            buildForRunning = "YES"
            buildForProfiling = "YES"
            buildForArchiving = "YES"
            buildForAnalyzing = "YES">
            <BuildableReference
               BuildableIdentifier = "primary"
               BlueprintIdentifier = "B8F4309DA609689A1E4C324E"
               BuildableName = "GoogleUtilities_Logger.framework"
               BlueprintName = "GoogleUtilities-Logger"
               ReferencedContainer = "container:Tuist/Dependencies/SwiftPackageManager/.build/checkouts/GoogleUtilities/GoogleUtilities.xcodeproj">
            </BuildableReference>
         </BuildActionEntry>
         <BuildActionEntry
            buildForTesting = "YES"
            buildForRunning = "YES"
            buildForProfiling = "YES"
            buildForArchiving = "YES"
            buildForAnalyzing = "YES">
            <BuildableReference
               BuildableIdentifier = "primary"
               BlueprintIdentifier = "9DC22EA5CA5C87CE1DB612A3"
               BuildableName = "GoogleUtilities_MethodSwizzler.framework"
               BlueprintName = "GoogleUtilities-MethodSwizzler"
               ReferencedContainer = "container:Tuist/Dependencies/SwiftPackageManager/.build/checkouts/GoogleUtilities/GoogleUtilities.xcodeproj">
            </BuildableReference>
         </BuildActionEntry>
         <BuildActionEntry
            buildForTesting = "YES"
            buildForRunning = "YES"
            buildForProfiling = "YES"
            buildForArchiving = "YES"
            buildForAnalyzing = "YES">
            <BuildableReference
               BuildableIdentifier = "primary"
               BlueprintIdentifier = "82D64D19A26B0837A33FDFA0"
               BuildableName = "GoogleUtilities_NSData.framework"
               BlueprintName = "GoogleUtilities-NSData"
               ReferencedContainer = "container:Tuist/Dependencies/SwiftPackageManager/.build/checkouts/GoogleUtilities/GoogleUtilities.xcodeproj">
            </BuildableReference>
         </BuildActionEntry>
         <BuildActionEntry
            buildForTesting = "YES"
            buildForRunning = "YES"
            buildForProfiling = "YES"
            buildForArchiving = "YES"
            buildForAnalyzing = "YES">
            <BuildableReference
               BuildableIdentifier = "primary"
               BlueprintIdentifier = "028985CE3AF9A6EEBA19BF6E"
               BuildableName = "GoogleUtilities_Network.framework"
               BlueprintName = "GoogleUtilities-Network"
               ReferencedContainer = "container:Tuist/Dependencies/SwiftPackageManager/.build/checkouts/GoogleUtilities/GoogleUtilities.xcodeproj">
            </BuildableReference>
         </BuildActionEntry>
         <BuildActionEntry
            buildForTesting = "YES"
            buildForRunning = "YES"
            buildForProfiling = "YES"
            buildForArchiving = "YES"
            buildForAnalyzing = "YES">
            <BuildableReference
               BuildableIdentifier = "primary"
               BlueprintIdentifier = "40FFBEDB2AEFA0C9C7228480"
               BuildableName = "GoogleUtilities_Reachability.framework"
               BlueprintName = "GoogleUtilities-Reachability"
               ReferencedContainer = "container:Tuist/Dependencies/SwiftPackageManager/.build/checkouts/GoogleUtilities/GoogleUtilities.xcodeproj">
            </BuildableReference>
         </BuildActionEntry>
         <BuildActionEntry
            buildForTesting = "YES"
            buildForRunning = "YES"
            buildForProfiling = "YES"
            buildForArchiving = "YES"
            buildForAnalyzing = "YES">
            <BuildableReference
               BuildableIdentifier = "primary"
               BlueprintIdentifier = "3EEFCF626C2BCF3F7E6BCF80"
               BuildableName = "GoogleUtilities_UserDefaults.framework"
               BlueprintName = "GoogleUtilities-UserDefaults"
               ReferencedContainer = "container:Tuist/Dependencies/SwiftPackageManager/.build/checkouts/GoogleUtilities/GoogleUtilities.xcodeproj">
            </BuildableReference>
         </BuildActionEntry>
         <BuildActionEntry
            buildForTesting = "YES"
            buildForRunning = "YES"
            buildForProfiling = "YES"
            buildForArchiving = "YES"
            buildForAnalyzing = "YES">
            <BuildableReference
               BuildableIdentifier = "primary"
               BlueprintIdentifier = "0D72757D681B0299654010FC"
               BuildableName = "Promises.framework"
               BlueprintName = "Promises"
               ReferencedContainer = "container:Tuist/Dependencies/SwiftPackageManager/.build/checkouts/promises/Promises.xcodeproj">
            </BuildableReference>
         </BuildActionEntry>
         <BuildActionEntry
            buildForTesting = "YES"
            buildForRunning = "YES"
            buildForProfiling = "YES"
            buildForArchiving = "YES"
            buildForAnalyzing = "YES">
            <BuildableReference
               BuildableIdentifier = "primary"
               BlueprintIdentifier = "82B33931410C5E34C202CFA7"
               BuildableName = "Promises_FBLPromises.bundle"
               BlueprintName = "Promises_FBLPromises"
               ReferencedContainer = "container:Tuist/Dependencies/SwiftPackageManager/.build/checkouts/promises/Promises.xcodeproj">
            </BuildableReference>
         </BuildActionEntry>
         <BuildActionEntry
            buildForTesting = "YES"
            buildForRunning = "YES"
            buildForProfiling = "YES"
            buildForArchiving = "YES"
            buildForAnalyzing = "YES">
            <BuildableReference
               BuildableIdentifier = "primary"
               BlueprintIdentifier = "FA3DD4D07C7CC65777A3CA88"
               BuildableName = "Promises_Promises.bundle"
               BlueprintName = "Promises_Promises"
               ReferencedContainer = "container:Tuist/Dependencies/SwiftPackageManager/.build/checkouts/promises/Promises.xcodeproj">
            </BuildableReference>
         </BuildActionEntry>
         <BuildActionEntry
            buildForTesting = "YES"
            buildForRunning = "YES"
            buildForProfiling = "YES"
            buildForArchiving = "YES"
            buildForAnalyzing = "YES">
            <BuildableReference
               BuildableIdentifier = "primary"
               BlueprintIdentifier = "7FA5C20984DBEC034D93E35B"
               BuildableName = "TestTuistFirebase.app"
               BlueprintName = "TestTuistFirebase"
               ReferencedContainer = "container:TestTuistFirebase.xcodeproj">
            </BuildableReference>
         </BuildActionEntry>
         <BuildActionEntry
            buildForTesting = "YES"
            buildForRunning = "YES"
            buildForProfiling = "YES"
            buildForArchiving = "YES"
            buildForAnalyzing = "YES">
            <BuildableReference
               BuildableIdentifier = "primary"
               BlueprintIdentifier = "238376B8C3C28C7696E54B1B"
               BuildableName = "TestTuistFirebaseKit.framework"
               BlueprintName = "TestTuistFirebaseKit"
               ReferencedContainer = "container:TestTuistFirebase.xcodeproj">
            </BuildableReference>
         </BuildActionEntry>
         <BuildActionEntry
            buildForTesting = "YES"
            buildForRunning = "YES"
            buildForProfiling = "YES"
            buildForArchiving = "YES"
            buildForAnalyzing = "YES">
            <BuildableReference
               BuildableIdentifier = "primary"
               BlueprintIdentifier = "C6CFD2F850E5FB43AB6A8098"
               BuildableName = "TestTuistFirebaseUI.framework"
               BlueprintName = "TestTuistFirebaseUI"
               ReferencedContainer = "container:TestTuistFirebase.xcodeproj">
            </BuildableReference>
         </BuildActionEntry>
         <BuildActionEntry
            buildForTesting = "YES"
            buildForRunning = "YES"
            buildForProfiling = "YES"
            buildForArchiving = "YES"
            buildForAnalyzing = "YES">
            <BuildableReference
               BuildableIdentifier = "primary"
               BlueprintIdentifier = "00CCAE173147AFA99AA51F0E"
               BuildableName = "nanopb.framework"
               BlueprintName = "nanopb"
               ReferencedContainer = "container:Tuist/Dependencies/SwiftPackageManager/.build/checkouts/nanopb/nanopb.xcodeproj">
            </BuildableReference>
         </BuildActionEntry>
         <BuildActionEntry
            buildForTesting = "YES"
            buildForRunning = "YES"
            buildForProfiling = "YES"
            buildForArchiving = "YES"
            buildForAnalyzing = "YES">
            <BuildableReference
               BuildableIdentifier = "primary"
               BlueprintIdentifier = "51D7B8F6AC67856BE18DC303"
               BuildableName = "third_party_IsAppEncrypted.framework"
               BlueprintName = "third-party-IsAppEncrypted"
               ReferencedContainer = "container:Tuist/Dependencies/SwiftPackageManager/.build/checkouts/GoogleUtilities/GoogleUtilities.xcodeproj">
            </BuildableReference>
         </BuildActionEntry>
      </BuildActionEntries>
   </BuildAction>
   <TestAction
      buildConfiguration = "Debug"
      selectedDebuggerIdentifier = "Xcode.DebuggerFoundation.Debugger.LLDB"
      selectedLauncherIdentifier = "Xcode.DebuggerFoundation.Launcher.LLDB"
      shouldUseLaunchSchemeArgsEnv = "YES">
      <Testables>
      </Testables>
   </TestAction>
   <LaunchAction
      buildConfiguration = "Debug"
      selectedDebuggerIdentifier = "Xcode.DebuggerFoundation.Debugger.LLDB"
      selectedLauncherIdentifier = "Xcode.DebuggerFoundation.Launcher.LLDB"
      launchStyle = "0"
      useCustomWorkingDirectory = "NO"
      ignoresPersistentStateOnLaunch = "NO"
      debugDocumentVersioning = "YES"
      debugServiceExtension = "internal"
      allowLocationSimulation = "YES">
      <MacroExpansion>
         <BuildableReference
            BuildableIdentifier = "primary"
            BlueprintIdentifier = "787785524E0E998535524C4F"
            BuildableName = "FBLPromises.framework"
            BlueprintName = "FBLPromises"
            ReferencedContainer = "container:Tuist/Dependencies/SwiftPackageManager/.build/checkouts/promises/Promises.xcodeproj">
         </BuildableReference>
      </MacroExpansion>
   </LaunchAction>
   <ProfileAction
      buildConfiguration = "Release"
      shouldUseLaunchSchemeArgsEnv = "YES"
      savedToolIdentifier = ""
      useCustomWorkingDirectory = "NO"
      debugDocumentVersioning = "YES">
      <MacroExpansion>
         <BuildableReference
            BuildableIdentifier = "primary"
            BlueprintIdentifier = "787785524E0E998535524C4F"
            BuildableName = "FBLPromises.framework"
            BlueprintName = "FBLPromises"
            ReferencedContainer = "container:Tuist/Dependencies/SwiftPackageManager/.build/checkouts/promises/Promises.xcodeproj">
         </BuildableReference>
      </MacroExpansion>
   </ProfileAction>
   <AnalyzeAction
      buildConfiguration = "Debug">
   </AnalyzeAction>
   <ArchiveAction
      buildConfiguration = "Release"
      revealArchiveInOrganizer = "YES">
   </ArchiveAction>
</Scheme>
